
Microsoft Visual Studio Solution File, Format Version 12.00
# Visual Studio Version 17
VisualStudioVersion = 17.12.35209.166
MinimumVisualStudioVersion = 10.0.40219.1
Project("{FAE04EC0-301F-11D3-BF4B-00C04F79EFBC}") = "teste02", "teste02.csproj", "{BCC5B919-D1CF-4039-8C23-DBED031D55ED}"
EndProject
Global
	GlobalSection(SolutionConfigurationPlatforms) = preSolution
		Debug|Any CPU = Debug|Any CPU
		Release|Any CPU = Release|Any CPU
	EndGlobalSection
	GlobalSection(ProjectConfigurationPlatforms) = postSolution
		{BCC5B919-D1CF-4039-8C23-DBED031D55ED}.Debug|Any CPU.ActiveCfg = Debug|Any CPU
		{BCC5B919-D1CF-4039-8C23-DBED031D55ED}.Debug|Any CPU.Build.0 = Debug|Any CPU
		{BCC5B919-D1CF-4039-8C23-DBED031D55ED}.Release|Any CPU.ActiveCfg = Release|Any CPU
		{BCC5B919-D1CF-4039-8C23-DBED031D55ED}.Release|Any CPU.Build.0 = Release|Any CPU
	EndGlobalSection
	GlobalSection(SolutionProperties) = preSolution
		HideSolutionNode = FALSE
	EndGlobalSection
	GlobalSection(ExtensibilityGlobals) = postSolution
		SolutionGuid = {21EF2AD7-8D61-48C8-83E3-B62D118C7C8A}
	EndGlobalSection
EndGlobal
